Microsoft Visual Studio Solution File, Format Version 12.00
# Visual Studio 2012
Project("{FAE04EC0-301F-11D3-BF4B-00C04F79EFBC}") = "Tetris", "Tetris.csproj", "{9CB19B53-B991-44F3-9959-EEF0706CF94E}"
EndProject
Project("{2150E333-8FDC-42A3-9474-1A3956D46DE8}") = "test", "test", "{D0D469AE-9093-451C-9123-DD3D60E08D43}"
EndProject
Global
	GlobalSection(SolutionConfigurationPlatforms) = preSolution
		Debug|Any CPU = Debug|Any CPU
		ExportDebug|Any CPU = ExportDebug|Any CPU
		ExportRelease|Any CPU = ExportRelease|Any CPU
	EndGlobalSection
	GlobalSection(ProjectConfigurationPlatforms) = postSolution
		{9CB19B53-B991-44F3-9959-EEF0706CF94E}.Debug|Any CPU.ActiveCfg = Debug|Any CPU
		{9CB19B53-B991-44F3-9959-EEF0706CF94E}.Debug|Any CPU.Build.0 = Debug|Any CPU
		{9CB19B53-B991-44F3-9959-EEF0706CF94E}.ExportDebug|Any CPU.ActiveCfg = ExportDebug|Any CPU
		{9CB19B53-B991-44F3-9959-EEF0706CF94E}.ExportDebug|Any CPU.Build.0 = ExportDebug|Any CPU
		{9CB19B53-B991-44F3-9959-EEF0706CF94E}.ExportRelease|Any CPU.ActiveCfg = ExportRelease|Any CPU
		{9CB19B53-B991-44F3-9959-EEF0706CF94E}.ExportRelease|Any CPU.Build.0 = ExportRelease|Any CPU
	EndGlobalSection

EndGlobal
